
Microsoft Visual Studio Solution File, Format Version 12.00
# Visual Studio Version 16
VisualStudioVersion = 16.0.31911.196
MinimumVisualStudioVersion = 10.0.40219.1
Project("{9A19103F-16F7-4668-BE54-9A1E7A4F7556}") = "FamilyBudget", "FamilyBudget\FamilyBudget.csproj", "{1B719B72-62BA-49A3-AEF6-F45479658AF7}"
EndProject
Global
	GlobalSection(SolutionConfigurationPlatforms) = preSolution
		Debug|Any CPU = Debug|Any CPU
		Release|Any CPU = Release|Any CPU
	EndGlobalSection
	GlobalSection(ProjectConfigurationPlatforms) = postSolution
		{1B719B72-62BA-49A3-AEF6-F45479658AF7}.Debug|Any CPU.ActiveCfg = Debug|Any CPU
		{1B719B72-62BA-49A3-AEF6-F45479658AF7}.Debug|Any CPU.Build.0 = Debug|Any CPU
		{1B719B72-62BA-49A3-AEF6-F45479658AF7}.Release|Any CPU.ActiveCfg = Release|Any CPU
		{1B719B72-62BA-49A3-AEF6-F45479658AF7}.Release|Any CPU.Build.0 = Release|Any CPU
	EndGlobalSection
	GlobalSection(SolutionProperties) = preSolution
		HideSolutionNode = FALSE
	EndGlobalSection
	GlobalSection(ExtensibilityGlobals) = postSolution
		SolutionGuid = {FD74282B-94F9-4504-AF2A-3AC0F3BBAAA4}
	EndGlobalSection
EndGlobal
